
Microsoft Visual Studio Solution File, Format Version 12.00
# Visual Studio Version 17
VisualStudioVersion = 17.11.35327.3
MinimumVisualStudioVersion = 10.0.40219.1
Project("{FAE04EC0-301F-11D3-BF4B-00C04F79EFBC}") = "testGit", "testGit.csproj", "{5C2FAABF-B7D6-405D-BA9D-D9654B2FAECC}"
EndProject
Global
	GlobalSection(SolutionConfigurationPlatforms) = preSolution
		Debug|Any CPU = Debug|Any CPU
		Release|Any CPU = Release|Any CPU
	EndGlobalSection
	GlobalSection(ProjectConfigurationPlatforms) = postSolution
		{5C2FAABF-B7D6-405D-BA9D-D9654B2FAECC}.Debug|Any CPU.ActiveCfg = Debug|Any CPU
		{5C2FAABF-B7D6-405D-BA9D-D9654B2FAECC}.Debug|Any CPU.Build.0 = Debug|Any CPU
		{5C2FAABF-B7D6-405D-BA9D-D9654B2FAECC}.Release|Any CPU.ActiveCfg = Release|Any CPU
		{5C2FAABF-B7D6-405D-BA9D-D9654B2FAECC}.Release|Any CPU.Build.0 = Release|Any CPU
	EndGlobalSection
	GlobalSection(SolutionProperties) = preSolution
		HideSolutionNode = FALSE
	EndGlobalSection
	GlobalSection(ExtensibilityGlobals) = postSolution
		SolutionGuid = {B753F5E5-98F6-4730-A5BB-4C160EF026C9}
	EndGlobalSection
EndGlobal
